
Microsoft Visual Studio Solution File, Format Version 12.00
# Visual Studio Version 16
VisualStudioVersion = 16.0.31424.327
MinimumVisualStudioVersion = 10.0.40219.1
Project("{FAE04EC0-301F-11D3-BF4B-00C04F79EFBC}") = "DeliveryKing.Web", "DeliveryKing.Web\DeliveryKing.Web.csproj", "{6BF6AB61-9405-433F-A0B2-760F08A7BFC8}"
EndProject
Project("{FAE04EC0-301F-11D3-BF4B-00C04F79EFBC}") = "DeliveryKing.Core", "DeliveryKing.Core\DeliveryKing.Core.csproj", "{6FE982A2-C73C-4A88-A222-F867C7CD3B85}"
EndProject
Project("{FAE04EC0-301F-11D3-BF4B-00C04F79EFBC}") = "DeliveryKing.ViewModel", "DeliveryKing.ViewModel\DeliveryKing.ViewModel.csproj", "{01FCE672-B00A-4A72-9879-1142C21D623A}"
EndProject
Global
	GlobalSection(SolutionConfigurationPlatforms) = preSolution
		Debug|Any CPU = Debug|Any CPU
		Release|Any CPU = Release|Any CPU
	EndGlobalSection
	GlobalSection(ProjectConfigurationPlatforms) = postSolution
		{6BF6AB61-9405-433F-A0B2-760F08A7BFC8}.Debug|Any CPU.ActiveCfg = Debug|Any CPU
		{6BF6AB61-9405-433F-A0B2-760F08A7BFC8}.Debug|Any CPU.Build.0 = Debug|Any CPU
		{6BF6AB61-9405-433F-A0B2-760F08A7BFC8}.Release|Any CPU.ActiveCfg = Release|Any CPU
		{6BF6AB61-9405-433F-A0B2-760F08A7BFC8}.Release|Any CPU.Build.0 = Release|Any CPU
		{6FE982A2-C73C-4A88-A222-F867C7CD3B85}.Debug|Any CPU.ActiveCfg = Debug|Any CPU
		{6FE982A2-C73C-4A88-A222-F867C7CD3B85}.Debug|Any CPU.Build.0 = Debug|Any CPU
		{6FE982A2-C73C-4A88-A222-F867C7CD3B85}.Release|Any CPU.ActiveCfg = Release|Any CPU
		{6FE982A2-C73C-4A88-A222-F867C7CD3B85}.Release|Any CPU.Build.0 = Release|Any CPU
		{01FCE672-B00A-4A72-9879-1142C21D623A}.Debug|Any CPU.ActiveCfg = Debug|Any CPU
		{01FCE672-B00A-4A72-9879-1142C21D623A}.Debug|Any CPU.Build.0 = Debug|Any CPU
		{01FCE672-B00A-4A72-9879-1142C21D623A}.Release|Any CPU.ActiveCfg = Release|Any CPU
		{01FCE672-B00A-4A72-9879-1142C21D623A}.Release|Any CPU.Build.0 = Release|Any CPU
	EndGlobalSection
	GlobalSection(SolutionProperties) = preSolution
		HideSolutionNode = FALSE
	EndGlobalSection
	GlobalSection(ExtensibilityGlobals) = postSolution
		SolutionGuid = {ED711C32-36E6-445A-A9CD-C830ABE19EEB}
	EndGlobalSection
EndGlobal
